../results/AEL_GSE142213/vlnplot.png
../results/BLCA_GSE149652/vlnplot.png
../results/BRCA_GSE110686/vlnplot.png
../results/ESCA_GSE154763/vlnplot.png
../results/Glioma_GSE102130/vlnplot.png
../results/KIRC_GSE111360/vlnplot.png
../results/LIHC_GSE166635/vlnplot.png
../results/MCC_GSE117988_aPD1aCTLA4/vlnplot.png
../results/MM_GSE117156/vlnplot.png
../results/NET_GSE140312/vlnplot.png
../results/NHL_GSE147944/vlnplot.png
../results/NSCLC_GSE127471/vlnplot.png
../results/OV_GSE115007/vlnplot.png
../results/PAAD_GSE141017/vlnplot.png
../results/PPB_GSE163678/vlnplot.png
../results/PRAD_GSE150692/vlnplot.png
../results/STAD_GSE167297/vlnplot.png
../results/UVM_GSE169609/vlnplot.png
../results/AEL_GSE142213/seurat_markers.csv
../results/BLCA_GSE149652/seurat_markers.csv
../results/BRCA_GSE110686/seurat_markers.csv
../results/ESCA_GSE154763/seurat_markers.csv
../results/Glioma_GSE102130/seurat_markers.csv
../results/KIRC_GSE111360/seurat_markers.csv
../results/LIHC_GSE166635/seurat_markers.csv
../results/MCC_GSE117988_aPD1aCTLA4/seurat_markers.csv
../results/MM_GSE117156/seurat_markers.csv
../results/NET_GSE140312/seurat_markers.csv
../results/NHL_GSE147944/seurat_markers.csv
../results/NSCLC_GSE127471/seurat_markers.csv
../results/OV_GSE115007/seurat_markers.csv
../results/PAAD_GSE141017/seurat_markers.csv
../results/PPB_GSE163678/seurat_markers.csv
../results/PRAD_GSE150692/seurat_markers.csv
../results/STAD_GSE167297/seurat_markers.csv
../results/UVM_GSE169609/seurat_markers.csv
../data/AEL_GSE142213_expression.h5
../data/BLCA_GSE149652_expression.h5
../data/BRCA_GSE110686_expression.h5
../data/ESCA_GSE154763_expression.h5
../data/Glioma_GSE102130_expression.h5
../data/KIRC_GSE111360_expression.h5
../data/LIHC_GSE166635_expression.h5
../data/MCC_GSE117988_aPD1aCTLA4_expression.h5
../data/MM_GSE117156_expression.h5
../data/NET_GSE140312_expression.h5
../data/NHL_GSE147944_expression.h5
../data/NSCLC_GSE127471_expression.h5
../data/OV_GSE115007_expression.h5
../data/PAAD_GSE141017_expression.h5
../data/PPB_GSE163678_expression.h5
../data/PRAD_GSE150692_expression.h5
../data/STAD_GSE167297_expression.h5
../data/UVM_GSE169609_expression.h5
../results/AEL_GSE142213/seurat_object.rds
../results/BLCA_GSE149652/seurat_object.rds
../results/BRCA_GSE110686/seurat_object.rds
../results/ESCA_GSE154763/seurat_object.rds
../results/Glioma_GSE102130/seurat_object.rds
../results/KIRC_GSE111360/seurat_object.rds
../results/LIHC_GSE166635/seurat_object.rds
../results/MCC_GSE117988_aPD1aCTLA4/seurat_object.rds
../results/MM_GSE117156/seurat_object.rds
../results/NET_GSE140312/seurat_object.rds
../results/NHL_GSE147944/seurat_object.rds
../results/NSCLC_GSE127471/seurat_object.rds
../results/OV_GSE115007/seurat_object.rds
../results/PAAD_GSE141017/seurat_object.rds
../results/PPB_GSE163678/seurat_object.rds
../results/PRAD_GSE150692/seurat_object.rds
../results/STAD_GSE167297/seurat_object.rds
../results/UVM_GSE169609/seurat_object.rds
